
Microsoft Visual Studio Solution File, Format Version 12.00
# Visual Studio Version 17
VisualStudioVersion = 17.9.34622.214
MinimumVisualStudioVersion = 10.0.40219.1
Project("{9A19103F-16F7-4668-BE54-9A1E7A4F7556}") = "MilkBabyData", "MilkBabyData\MilkBabyData.csproj", "{E5565083-7102-4CB9-B782-18C54683947E}"
EndProject
Project("{9A19103F-16F7-4668-BE54-9A1E7A4F7556}") = "MilkBabyBusiness", "MilkBabyBusiness\MilkBabyBusiness.csproj", "{E262887D-D0FE-46F5-9E98-F393F6C2B671}"
EndProject
Project("{9A19103F-16F7-4668-BE54-9A1E7A4F7556}") = "MilkBabyWebApp", "MilkBabyWebApp\MilkBabyWebApp.csproj", "{64AAB2A0-7BE0-4D45-9253-A9325B3E15F8}"
EndProject
Project("{9A19103F-16F7-4668-BE54-9A1E7A4F7556}") = "MilkBabyRazorWebApp", "MilkBabyRazorWebApp\MilkBabyRazorWebApp.csproj", "{A5245539-8036-4D86-93BE-C2C24A3373DB}"
EndProject
Project("{9A19103F-16F7-4668-BE54-9A1E7A4F7556}") = "MilkBabyConsoleApp", "MilkBabyConsoleApp\MilkBabyConsoleApp.csproj", "{53FA94B4-70A1-4009-A530-56C2065436CB}"
EndProject
Project("{9A19103F-16F7-4668-BE54-9A1E7A4F7556}") = "MilkBabyCommon", "MilkBabyCommon\MilkBabyCommon.csproj", "{F3294733-2B89-4A8C-BA7D-770C53AA4208}"
EndProject
Project("{9A19103F-16F7-4668-BE54-9A1E7A4F7556}") = "MilkBabyWpfApp", "MilkBabyWpfApp\MilkBabyWpfApp.csproj", "{DCA0C671-B0AF-4DC9-BCD4-F4F20B5D9F28}"
EndProject
Global
	GlobalSection(SolutionConfigurationPlatforms) = preSolution
		Debug|Any CPU = Debug|Any CPU
		Release|Any CPU = Release|Any CPU
	EndGlobalSection
	GlobalSection(ProjectConfigurationPlatforms) = postSolution
		{E5565083-7102-4CB9-B782-18C54683947E}.Debug|Any CPU.ActiveCfg = Debug|Any CPU
		{E5565083-7102-4CB9-B782-18C54683947E}.Debug|Any CPU.Build.0 = Debug|Any CPU
		{E5565083-7102-4CB9-B782-18C54683947E}.Release|Any CPU.ActiveCfg = Release|Any CPU
		{E5565083-7102-4CB9-B782-18C54683947E}.Release|Any CPU.Build.0 = Release|Any CPU
		{E262887D-D0FE-46F5-9E98-F393F6C2B671}.Debug|Any CPU.ActiveCfg = Debug|Any CPU
		{E262887D-D0FE-46F5-9E98-F393F6C2B671}.Debug|Any CPU.Build.0 = Debug|Any CPU
		{E262887D-D0FE-46F5-9E98-F393F6C2B671}.Release|Any CPU.ActiveCfg = Release|Any CPU
		{E262887D-D0FE-46F5-9E98-F393F6C2B671}.Release|Any CPU.Build.0 = Release|Any CPU
		{64AAB2A0-7BE0-4D45-9253-A9325B3E15F8}.Debug|Any CPU.ActiveCfg = Debug|Any CPU
		{64AAB2A0-7BE0-4D45-9253-A9325B3E15F8}.Debug|Any CPU.Build.0 = Debug|Any CPU
		{64AAB2A0-7BE0-4D45-9253-A9325B3E15F8}.Release|Any CPU.ActiveCfg = Release|Any CPU
		{64AAB2A0-7BE0-4D45-9253-A9325B3E15F8}.Release|Any CPU.Build.0 = Release|Any CPU
		{A5245539-8036-4D86-93BE-C2C24A3373DB}.Debug|Any CPU.ActiveCfg = Debug|Any CPU
		{A5245539-8036-4D86-93BE-C2C24A3373DB}.Debug|Any CPU.Build.0 = Debug|Any CPU
		{A5245539-8036-4D86-93BE-C2C24A3373DB}.Release|Any CPU.ActiveCfg = Release|Any CPU
		{A5245539-8036-4D86-93BE-C2C24A3373DB}.Release|Any CPU.Build.0 = Release|Any CPU
		{53FA94B4-70A1-4009-A530-56C2065436CB}.Debug|Any CPU.ActiveCfg = Debug|Any CPU
		{53FA94B4-70A1-4009-A530-56C2065436CB}.Debug|Any CPU.Build.0 = Debug|Any CPU
		{53FA94B4-70A1-4009-A530-56C2065436CB}.Release|Any CPU.ActiveCfg = Release|Any CPU
		{53FA94B4-70A1-4009-A530-56C2065436CB}.Release|Any CPU.Build.0 = Release|Any CPU
		{F3294733-2B89-4A8C-BA7D-770C53AA4208}.Debug|Any CPU.ActiveCfg = Debug|Any CPU
		{F3294733-2B89-4A8C-BA7D-770C53AA4208}.Debug|Any CPU.Build.0 = Debug|Any CPU
		{F3294733-2B89-4A8C-BA7D-770C53AA4208}.Release|Any CPU.ActiveCfg = Release|Any CPU
		{F3294733-2B89-4A8C-BA7D-770C53AA4208}.Release|Any CPU.Build.0 = Release|Any CPU
		{DCA0C671-B0AF-4DC9-BCD4-F4F20B5D9F28}.Debug|Any CPU.ActiveCfg = Debug|Any CPU
		{DCA0C671-B0AF-4DC9-BCD4-F4F20B5D9F28}.Debug|Any CPU.Build.0 = Debug|Any CPU
		{DCA0C671-B0AF-4DC9-BCD4-F4F20B5D9F28}.Release|Any CPU.ActiveCfg = Release|Any CPU
		{DCA0C671-B0AF-4DC9-BCD4-F4F20B5D9F28}.Release|Any CPU.Build.0 = Release|Any CPU
	EndGlobalSection
	GlobalSection(SolutionProperties) = preSolution
		HideSolutionNode = FALSE
	EndGlobalSection
	GlobalSection(ExtensibilityGlobals) = postSolution
		SolutionGuid = {FC8B8813-B71A-4780-A068-B043BBCB8D43}
	EndGlobalSection
EndGlobal
